{
  "nodes": {
    "cl-nix-lite": {
      "locked": {
        "lastModified": 1728174978,
        "narHash": "sha256-Grqqg+xuicANB85j0gNEXxi9SBKY7bzGeTuyi95eGcY=",
        "owner": "hraban",
        "repo": "cl-nix-lite",
        "rev": "31cfe6275c341eb3120a99f4b1c8516c49a29d87",
        "type": "github"
      },
      "original": {
        "owner": "hraban",
        "repo": "cl-nix-lite",
        "type": "github"
      }
    },
    "flake-compat": {
      "flake": false,
      "locked": {
        "lastModified": 1730663653,
        "narHash": "sha256-kFCUWettiFHDIqxCWWQ9qY8pVh+Lj+XL0Giyy/kdomg=",
        "owner": "hraban",
        "repo": "flake-compat",
        "rev": "e5b16676185cb7548581c852f51ce7f3a49bba5e",
        "type": "github"
      },
      "original": {
        "owner": "hraban",
        "ref": "fixed-output",
        "repo": "flake-compat",
        "type": "github"
      }
    },
    "flake-utils": {
      "inputs": {
        "systems": [
          "mac-app-util",
          "systems"
        ]
      },
      "locked": {
        "lastModified": 1731533236,
        "narHash": "sha256-l0KFg5HjrsfsO/JpG+r7fRrqm12kzFHyUHqHCVpMMbI=",
        "owner": "numtide",
        "repo": "flake-utils",
        "rev": "11707dc2f618dd54ca8739b309ec4fc024de578b",
        "type": "github"
      },
      "original": {
        "id": "flake-utils",
        "type": "indirect"
      }
    },
    "home-manager": {
      "inputs": {
        "nixpkgs": [
          "nixpkgs"
        ]
      },
      "locked": {
        "lastModified": 1748391243,
        "narHash": "sha256-7sCuihzsTRZemtbTXaFUoGJUfuQErhKEcL9v7HKIo1k=",
        "owner": "nix-community",
        "repo": "home-manager",
        "rev": "f5b12be834874f7661db4ced969a621ab2d57971",
        "type": "github"
      },
      "original": {
        "owner": "nix-community",
        "repo": "home-manager",
        "type": "github"
      }
    },
    "mac-app-util": {
      "inputs": {
        "cl-nix-lite": "cl-nix-lite",
        "flake-compat": "flake-compat",
        "flake-utils": "flake-utils",
        "nixpkgs": "nixpkgs",
        "systems": "systems"
      },
      "locked": {
        "lastModified": 1742156590,
        "narHash": "sha256-aTM/2CrNN5utdVEQGsOA+kl4UozgH7VPLBQL5OXtBrg=",
        "owner": "hraban",
        "repo": "mac-app-util",
        "rev": "341ede93f290df7957047682482c298e47291b4d",
        "type": "github"
      },
      "original": {
        "owner": "hraban",
        "repo": "mac-app-util",
        "type": "github"
      }
    },
    "nix-darwin": {
      "inputs": {
        "nixpkgs": [
          "nixpkgs"
        ]
      },
      "locked": {
        "lastModified": 1748352827,
        "narHash": "sha256-sNUUP6qxGkK9hXgJ+p362dtWLgnIWwOCmiq72LAWtYo=",
        "owner": "LnL7",
        "repo": "nix-darwin",
        "rev": "44a7d0e687a87b73facfe94fba78d323a6686a90",
        "type": "github"
      },
      "original": {
        "owner": "LnL7",
        "repo": "nix-darwin",
        "type": "github"
      }
    },
    "nixlib": {
      "locked": {
        "lastModified": 1736643958,
        "narHash": "sha256-tmpqTSWVRJVhpvfSN9KXBvKEXplrwKnSZNAoNPf/S/s=",
        "owner": "nix-community",
        "repo": "nixpkgs.lib",
        "rev": "1418bc28a52126761c02dd3d89b2d8ca0f521181",
        "type": "github"
      },
      "original": {
        "owner": "nix-community",
        "repo": "nixpkgs.lib",
        "type": "github"
      }
    },
    "nixos-generators": {
      "inputs": {
        "nixlib": "nixlib",
        "nixpkgs": [
          "nixpkgs"
        ]
      },
      "locked": {
        "lastModified": 1747663185,
        "narHash": "sha256-Obh50J+O9jhUM/FgXtI3he/QRNiV9+J53+l+RlKSaAk=",
        "owner": "nix-community",
        "repo": "nixos-generators",
        "rev": "ee07ba0d36c38e9915c55d2ac5a8fb0f05f2afcc",
        "type": "github"
      },
      "original": {
        "owner": "nix-community",
        "repo": "nixos-generators",
        "type": "github"
      }
    },
    "nixpkgs": {
      "locked": {
        "lastModified": 1732617236,
        "narHash": "sha256-PYkz6U0bSEaEB1al7O1XsqVNeSNS+s3NVclJw7YC43w=",
        "owner": "NixOS",
        "repo": "nixpkgs",
        "rev": "af51545ec9a44eadf3fe3547610a5cdd882bc34e",
        "type": "github"
      },
      "original": {
        "owner": "NixOS",
        "repo": "nixpkgs",
        "rev": "af51545ec9a44eadf3fe3547610a5cdd882bc34e",
        "type": "github"
      }
    },
    "nixpkgs_2": {
      "locked": {
        "lastModified": 1748344075,
        "narHash": "sha256-PsZAY3H0e/PBoDVn4fLwGEmeSwESj7SZPZ6CMfgbWFU=",
        "owner": "NixOS",
        "repo": "nixpkgs",
        "rev": "e0042dedfbc9134ef973f64e5c7f56a38cc5cc97",
        "type": "github"
      },
      "original": {
        "owner": "NixOS",
        "ref": "nixpkgs-unstable",
        "repo": "nixpkgs",
        "type": "github"
      }
    },
    "root": {
      "inputs": {
        "home-manager": "home-manager",
        "mac-app-util": "mac-app-util",
        "nix-darwin": "nix-darwin",
        "nixos-generators": "nixos-generators",
        "nixpkgs": "nixpkgs_2",
        "tmux-battery": "tmux-battery",
        "tmux-catppuccin": "tmux-catppuccin",
        "tmux-nerd-font-window-name": "tmux-nerd-font-window-name",
        "vim-tmux-navigator": "vim-tmux-navigator"
      }
    },
    "systems": {
      "locked": {
        "lastModified": 1689347925,
        "narHash": "sha256-ozenz5bFe1UUqOn7f60HRmgc01BgTGIKZ4Xl+HbocGQ=",
        "owner": "nix-systems",
        "repo": "default-darwin",
        "rev": "2235d7e6cc29ae99878133c95e9fe5e157661ffb",
        "type": "github"
      },
      "original": {
        "owner": "nix-systems",
        "repo": "default-darwin",
        "type": "github"
      }
    },
    "tmux-battery": {
      "flake": false,
      "locked": {
        "lastModified": 1701419842,
        "narHash": "sha256-yKMTuRiNnGC3tAbZeWzMEudzhBSJhji8sZh96rFxpb8=",
        "owner": "tmux-plugins",
        "repo": "tmux-battery",
        "rev": "48fae59ba4503cf345d25e4e66d79685aa3ceb75",
        "type": "github"
      },
      "original": {
        "owner": "tmux-plugins",
        "repo": "tmux-battery",
        "rev": "48fae59ba4503cf345d25e4e66d79685aa3ceb75",
        "type": "github"
      }
    },
    "tmux-catppuccin": {
      "flake": false,
      "locked": {
        "lastModified": 1731882838,
        "narHash": "sha256-9+SpgO2Co38I0XnEbRd7TSYamWZNjcVPw6RWJIHM+4c=",
        "owner": "catppuccin",
        "repo": "tmux",
        "rev": "179572333b0473020e45f34fd7c1fd658b2831f4",
        "type": "github"
      },
      "original": {
        "owner": "catppuccin",
        "ref": "v2.1.1",
        "repo": "tmux",
        "type": "github"
      }
    },
    "tmux-nerd-font-window-name": {
      "flake": false,
      "locked": {
        "lastModified": 1731520880,
        "narHash": "sha256-Iv5XmJZzT20c1dkTaHZkHcxiAKEnzuNy/P22grKJrhg=",
        "owner": "joshmedeski",
        "repo": "tmux-nerd-font-window-name",
        "rev": "e0f3946227e5e7b5a94a24f973c842fa5a385e7f",
        "type": "github"
      },
      "original": {
        "owner": "joshmedeski",
        "repo": "tmux-nerd-font-window-name",
        "rev": "e0f3946227e5e7b5a94a24f973c842fa5a385e7f",
        "type": "github"
      }
    },
    "vim-tmux-navigator": {
      "flake": false,
      "locked": {
        "lastModified": 1730652772,
        "narHash": "sha256-2ObHLgdrv7UftZbaICPEpftEZMY0sTqyPgK1x9rQS9Q=",
        "owner": "christoomey",
        "repo": "vim-tmux-navigator",
        "rev": "2d8bc8176af90935fb918526b0fde73d6ceba0df",
        "type": "github"
      },
      "original": {
        "owner": "christoomey",
        "repo": "vim-tmux-navigator",
        "rev": "2d8bc8176af90935fb918526b0fde73d6ceba0df",
        "type": "github"
      }
    }
  },
  "root": "root",
  "version": 7
}
