{
  "nodes": {
    "home-manager": {
      "inputs": {
        "nixpkgs": [
          "nixpkgs"
        ]
      },
      "locked": {
        "lastModified": 1743136572,
        "narHash": "sha256-uwaVrKgi6g1TUq56247j6QvvFtYHloCkjCrEpGBvV54=",
        "owner": "nix-community",
        "repo": "home-manager",
        "rev": "1efd2503172016a6742c87b47b43ca2c8145607d",
        "type": "github"
      },
      "original": {
        "owner": "nix-community",
        "repo": "home-manager",
        "type": "github"
      }
    },
    "nix-darwin": {
      "inputs": {
        "nixpkgs": [
          "nixpkgs"
        ]
      },
      "locked": {
        "lastModified": 1743125241,
        "narHash": "sha256-TA/xYqZbBwCCprXf8ABORDsjJy0Idw6OdQNqYQhgKCM=",
        "owner": "LnL7",
        "repo": "nix-darwin",
        "rev": "75f8e4dbc553d3052f917e66ee874f69d49c9981",
        "type": "github"
      },
      "original": {
        "owner": "LnL7",
        "repo": "nix-darwin",
        "type": "github"
      }
    },
    "nixlib": {
      "locked": {
        "lastModified": 1736643958,
        "narHash": "sha256-tmpqTSWVRJVhpvfSN9KXBvKEXplrwKnSZNAoNPf/S/s=",
        "owner": "nix-community",
        "repo": "nixpkgs.lib",
        "rev": "1418bc28a52126761c02dd3d89b2d8ca0f521181",
        "type": "github"
      },
      "original": {
        "owner": "nix-community",
        "repo": "nixpkgs.lib",
        "type": "github"
      }
    },
    "nixos-generators": {
      "inputs": {
        "nixlib": "nixlib",
        "nixpkgs": [
          "nixpkgs"
        ]
      },
      "locked": {
        "lastModified": 1742568034,
        "narHash": "sha256-QaMEhcnscfF2MqB7flZr+sLJMMYZPnvqO4NYf9B4G38=",
        "owner": "nix-community",
        "repo": "nixos-generators",
        "rev": "42ee229088490e3777ed7d1162cb9e9d8c3dbb11",
        "type": "github"
      },
      "original": {
        "owner": "nix-community",
        "repo": "nixos-generators",
        "type": "github"
      }
    },
    "nixpkgs": {
      "locked": {
        "lastModified": 1743076231,
        "narHash": "sha256-yQugdVfi316qUfqzN8JMaA2vixl+45GxNm4oUfXlbgw=",
        "owner": "NixOS",
        "repo": "nixpkgs",
        "rev": "6c5963357f3c1c840201eda129a99d455074db04",
        "type": "github"
      },
      "original": {
        "owner": "NixOS",
        "ref": "nixpkgs-unstable",
        "repo": "nixpkgs",
        "type": "github"
      }
    },
    "root": {
      "inputs": {
        "home-manager": "home-manager",
        "nix-darwin": "nix-darwin",
        "nixos-generators": "nixos-generators",
        "nixpkgs": "nixpkgs",
        "tmux-battery": "tmux-battery",
        "tmux-catppuccin": "tmux-catppuccin",
        "tmux-nerd-font-window-name": "tmux-nerd-font-window-name",
        "vim-tmux-navigator": "vim-tmux-navigator"
      }
    },
    "tmux-battery": {
      "flake": false,
      "locked": {
        "lastModified": 1701419842,
        "narHash": "sha256-yKMTuRiNnGC3tAbZeWzMEudzhBSJhji8sZh96rFxpb8=",
        "owner": "tmux-plugins",
        "repo": "tmux-battery",
        "rev": "48fae59ba4503cf345d25e4e66d79685aa3ceb75",
        "type": "github"
      },
      "original": {
        "owner": "tmux-plugins",
        "repo": "tmux-battery",
        "rev": "48fae59ba4503cf345d25e4e66d79685aa3ceb75",
        "type": "github"
      }
    },
    "tmux-catppuccin": {
      "flake": false,
      "locked": {
        "lastModified": 1731882838,
        "narHash": "sha256-9+SpgO2Co38I0XnEbRd7TSYamWZNjcVPw6RWJIHM+4c=",
        "owner": "catppuccin",
        "repo": "tmux",
        "rev": "179572333b0473020e45f34fd7c1fd658b2831f4",
        "type": "github"
      },
      "original": {
        "owner": "catppuccin",
        "ref": "v2.1.1",
        "repo": "tmux",
        "type": "github"
      }
    },
    "tmux-nerd-font-window-name": {
      "flake": false,
      "locked": {
        "lastModified": 1731520880,
        "narHash": "sha256-Iv5XmJZzT20c1dkTaHZkHcxiAKEnzuNy/P22grKJrhg=",
        "owner": "joshmedeski",
        "repo": "tmux-nerd-font-window-name",
        "rev": "e0f3946227e5e7b5a94a24f973c842fa5a385e7f",
        "type": "github"
      },
      "original": {
        "owner": "joshmedeski",
        "repo": "tmux-nerd-font-window-name",
        "rev": "e0f3946227e5e7b5a94a24f973c842fa5a385e7f",
        "type": "github"
      }
    },
    "vim-tmux-navigator": {
      "flake": false,
      "locked": {
        "lastModified": 1730652772,
        "narHash": "sha256-2ObHLgdrv7UftZbaICPEpftEZMY0sTqyPgK1x9rQS9Q=",
        "owner": "christoomey",
        "repo": "vim-tmux-navigator",
        "rev": "2d8bc8176af90935fb918526b0fde73d6ceba0df",
        "type": "github"
      },
      "original": {
        "owner": "christoomey",
        "repo": "vim-tmux-navigator",
        "rev": "2d8bc8176af90935fb918526b0fde73d6ceba0df",
        "type": "github"
      }
    }
  },
  "root": "root",
  "version": 7
}
